
Microsoft Visual Studio Solution File, Format Version 12.00
# Visual Studio Version 16
VisualStudioVersion = 16.0.33214.272
MinimumVisualStudioVersion = 10.0.40219.1
Project("{FAE04EC0-301F-11D3-BF4B-00C04F79EFBC}") = "pract13.1", "pract13.1.csproj", "{5D163FB8-C6DB-4EE6-904B-9B8261167AC2}"
EndProject
Global
	GlobalSection(SolutionConfigurationPlatforms) = preSolution
		Debug|Any CPU = Debug|Any CPU
		Release|Any CPU = Release|Any CPU
	EndGlobalSection
	GlobalSection(ProjectConfigurationPlatforms) = postSolution
		{5D163FB8-C6DB-4EE6-904B-9B8261167AC2}.Debug|Any CPU.ActiveCfg = Debug|Any CPU
		{5D163FB8-C6DB-4EE6-904B-9B8261167AC2}.Debug|Any CPU.Build.0 = Debug|Any CPU
		{5D163FB8-C6DB-4EE6-904B-9B8261167AC2}.Release|Any CPU.ActiveCfg = Release|Any CPU
		{5D163FB8-C6DB-4EE6-904B-9B8261167AC2}.Release|Any CPU.Build.0 = Release|Any CPU
	EndGlobalSection
	GlobalSection(SolutionProperties) = preSolution
		HideSolutionNode = FALSE
	EndGlobalSection
	GlobalSection(ExtensibilityGlobals) = postSolution
		SolutionGuid = {B1602415-938A-4370-A2B6-D87B65B3C525}
	EndGlobalSection
EndGlobal
